
Microsoft Visual Studio Solution File, Format Version 12.00
# Visual Studio 14
VisualStudioVersion = 14.0.25420.1
MinimumVisualStudioVersion = 10.0.40219.1
Project("{FAE04EC0-301F-11D3-BF4B-00C04F79EFBC}") = "Project", "Project\Project.csproj", "{70025554-AA0C-4ECB-AD29-DBD28ADDECB4}"
EndProject
Project("{FAE04EC0-301F-11D3-BF4B-00C04F79EFBC}") = "UnitTestProject", "UnitTestProject\UnitTestProject.csproj", "{A2C51966-93D2-4A6A-BEFE-22E3FB6D401F}"
EndProject
Global
	GlobalSection(SolutionConfigurationPlatforms) = preSolution
		Debug|Any CPU = Debug|Any CPU
		Release|Any CPU = Release|Any CPU
	EndGlobalSection
	GlobalSection(ProjectConfigurationPlatforms) = postSolution
		{70025554-AA0C-4ECB-AD29-DBD28ADDECB4}.Debug|Any CPU.ActiveCfg = Debug|Any CPU
		{70025554-AA0C-4ECB-AD29-DBD28ADDECB4}.Debug|Any CPU.Build.0 = Debug|Any CPU
		{70025554-AA0C-4ECB-AD29-DBD28ADDECB4}.Release|Any CPU.ActiveCfg = Release|Any CPU
		{70025554-AA0C-4ECB-AD29-DBD28ADDECB4}.Release|Any CPU.Build.0 = Release|Any CPU
		{A2C51966-93D2-4A6A-BEFE-22E3FB6D401F}.Debug|Any CPU.ActiveCfg = Debug|Any CPU
		{A2C51966-93D2-4A6A-BEFE-22E3FB6D401F}.Debug|Any CPU.Build.0 = Debug|Any CPU
		{A2C51966-93D2-4A6A-BEFE-22E3FB6D401F}.Release|Any CPU.ActiveCfg = Release|Any CPU
		{A2C51966-93D2-4A6A-BEFE-22E3FB6D401F}.Release|Any CPU.Build.0 = Release|Any CPU
	EndGlobalSection
	GlobalSection(SolutionProperties) = preSolution
		HideSolutionNode = FALSE
	EndGlobalSection
EndGlobal
